{
  "nodes": {
    "brew-src": {
      "flake": false,
      "locked": {
        "lastModified": 1758543057,
        "narHash": "sha256-lw3V2jOGYphUFHYQ5oARcb6urlbNpUCLJy1qhsGdUmc=",
        "owner": "Homebrew",
        "repo": "brew",
        "rev": "5b236456eb93133c2bd0d60ef35ed63f1c0712f6",
        "type": "github"
      },
      "original": {
        "owner": "Homebrew",
        "ref": "4.6.12",
        "repo": "brew",
        "type": "github"
      }
    },
    "dojo-osx-tap": {
      "flake": false,
      "locked": {
        "lastModified": 1735467100,
        "narHash": "sha256-lB9vVE7tUBqXbGR24JA8hlp3bvIA6X5kX7j2jOK24U0=",
        "owner": "kudulab",
        "repo": "homebrew-dojo-osx",
        "rev": "061409b766586c2142eac7c5933733a51ceee1ef",
        "type": "github"
      },
      "original": {
        "owner": "kudulab",
        "repo": "homebrew-dojo-osx",
        "type": "github"
      }
    },
    "gossm-tap": {
      "flake": false,
      "locked": {
        "lastModified": 1657677921,
        "narHash": "sha256-Q3RqXdKELcmS2XrjUMJr7JXLpWay22to7Bl7t9+8M/M=",
        "owner": "gjbae1212",
        "repo": "gossm",
        "rev": "69577c1813be5fc0feebf84bb9b11d04018f505f",
        "type": "github"
      },
      "original": {
        "owner": "gjbae1212",
        "repo": "gossm",
        "type": "github"
      }
    },
    "home-manager": {
      "inputs": {
        "nixpkgs": [
          "nixpkgs"
        ]
      },
      "locked": {
        "lastModified": 1760662441,
        "narHash": "sha256-mlDqR1Ntgs9uYYEAUR1IhamKBO0lxoNS4zGLzEZaY0A=",
        "owner": "nix-community",
        "repo": "home-manager",
        "rev": "722792af097dff5790f1a66d271a47759f477755",
        "type": "github"
      },
      "original": {
        "owner": "nix-community",
        "repo": "home-manager",
        "type": "github"
      }
    },
    "homebrew-cask": {
      "flake": false,
      "locked": {
        "lastModified": 1760695911,
        "narHash": "sha256-6ivAQIv/mMYt/RI+Swy1KdqCka6Us6zTG/hjaN/NLdU=",
        "owner": "homebrew",
        "repo": "homebrew-cask",
        "rev": "03a0edb4616198f6f64b285dbf842bc3b73a7f31",
        "type": "github"
      },
      "original": {
        "owner": "homebrew",
        "repo": "homebrew-cask",
        "type": "github"
      }
    },
    "homebrew-core": {
      "flake": false,
      "locked": {
        "lastModified": 1760691227,
        "narHash": "sha256-tmOsRXqVyQXSnU3DHyWbUI6z4n9iAxWPWtQAC2l3DIY=",
        "owner": "homebrew",
        "repo": "homebrew-core",
        "rev": "4779cd7ca6b534b0bd3cc9974a664dd41315ba36",
        "type": "github"
      },
      "original": {
        "owner": "homebrew",
        "repo": "homebrew-core",
        "type": "github"
      }
    },
    "nix-darwin": {
      "inputs": {
        "nixpkgs": [
          "nixpkgs"
        ]
      },
      "locked": {
        "lastModified": 1760338583,
        "narHash": "sha256-IGwy02SH5K2hzIFrKMRsCmyvwOwWxrcquiv4DbKL1S4=",
        "owner": "LnL7",
        "repo": "nix-darwin",
        "rev": "9a9ab01072f78823ca627ae5e895e40d493c3ecf",
        "type": "github"
      },
      "original": {
        "owner": "LnL7",
        "repo": "nix-darwin",
        "type": "github"
      }
    },
    "nix-homebrew": {
      "inputs": {
        "brew-src": "brew-src"
      },
      "locked": {
        "lastModified": 1758598228,
        "narHash": "sha256-qr60maXGbZ4FX5tejPRI3nr0bnRTnZ3AbbbfO6/6jq4=",
        "owner": "zhaofengli",
        "repo": "nix-homebrew",
        "rev": "f36e5db56e117f7df701ab152d0d2036ea85218c",
        "type": "github"
      },
      "original": {
        "owner": "zhaofengli",
        "repo": "nix-homebrew",
        "type": "github"
      }
    },
    "nixpkgs": {
      "locked": {
        "lastModified": 1760524057,
        "narHash": "sha256-EVAqOteLBFmd7pKkb0+FIUyzTF61VKi7YmvP1tw4nEw=",
        "owner": "NixOS",
        "repo": "nixpkgs",
        "rev": "544961dfcce86422ba200ed9a0b00dd4b1486ec5",
        "type": "github"
      },
      "original": {
        "owner": "NixOS",
        "ref": "nixos-unstable",
        "repo": "nixpkgs",
        "type": "github"
      }
    },
    "root": {
      "inputs": {
        "dojo-osx-tap": "dojo-osx-tap",
        "gossm-tap": "gossm-tap",
        "home-manager": "home-manager",
        "homebrew-cask": "homebrew-cask",
        "homebrew-core": "homebrew-core",
        "nix-darwin": "nix-darwin",
        "nix-homebrew": "nix-homebrew",
        "nixpkgs": "nixpkgs"
      }
    }
  },
  "root": "root",
  "version": 7
}
